// !$*UTF8*$!
{
	archiveVersion = 1;
	classes = {
	};
	objectVersion = 46;
	objects = {

/* Begin PBXBuildFile section */
		B5445A2A1B5261DE0064BCF8 /* main.m in Sources */ = {isa = PBXBuildFile; fileRef = B5445A291B5261DE0064BCF8 /* main.m */; };
		B5445A2D1B5261DE0064BCF8 /* AppDelegate.m in Sources */ = {isa = PBXBuildFile; fileRef = B5445A2C1B5261DE0064BCF8 /* AppDelegate.m */; };
		B5445A301B5261DE0064BCF8 /* ViewController.m in Sources */ = {isa = PBXBuildFile; fileRef = B5445A2F1B5261DE0064BCF8 /* ViewController.m */; };
		B5445A331B5261DE0064BCF8 /* Main.storyboard in Resources */ = {isa = PBXBuildFile; fileRef = B5445A311B5261DE0064BCF8 /* Main.storyboard */; };
		B5445A381B5261DE0064BCF8 /* LaunchScreen.xib in Resources */ = {isa = PBXBuildFile; fileRef = B5445A361B5261DE0064BCF8 /* LaunchScreen.xib */; };
		B5445A441B5261DE0064BCF8 /* storeBoeadTests.m in Sources */ = {isa = PBXBuildFile; fileRef = B5445A431B5261DE0064BCF8 /* storeBoeadTests.m */; };
		B5445A4F1B52652F0064BCF8 /* NextViewController.m in Sources */ = {isa = PBXBuildFile; fileRef = B5445A4E1B52652F0064BCF8 /* NextViewController.m */; };
		B58B5FE11B58AFA6009BD16F /* Login.storyboard in Resources */ = {isa = PBXBuildFile; fileRef = B58B5FE01B58AFA6009BD16F /* Login.storyboard */; };
		B5B9D3B31B58E3520070ED81 /* Images.xcassets in Resources */ = {isa = PBXBuildFile; fileRef = B5B9D3B21B58E3520070ED81 /* Images.xcassets */; };
		B5BB83041B5607BC00043BCB /* JRQViewController.m in Sources */ = {isa = PBXBuildFile; fileRef = B5BB83031B5607BC00043BCB /* JRQViewController.m */; };
		B5BB83071B5607CE00043BCB /* MEViewController.m in Sources */ = {isa = PBXBuildFile; fileRef = B5BB83061B5607CE00043BCB /* MEViewController.m */; };
		B5BB830A1B5607E000043BCB /* FINDViewController.m in Sources */ = {isa = PBXBuildFile; fileRef = B5BB83091B5607E000043BCB /* FINDViewController.m */; };
		B5BB830D1B5607EE00043BCB /* MSGViewController.m in Sources */ = {isa = PBXBuildFile; fileRef = B5BB830C1B5607EE00043BCB /* MSGViewController.m */; };
		B5BB83101B56093400043BCB /* FristViewController.m in Sources */ = {isa = PBXBuildFile; fileRef = B5BB830F1B56093400043BCB /* FristViewController.m */; };
/* End PBXBuildFile section */

/* Begin PBXContainerItemProxy section */
		B5445A3E1B5261DE0064BCF8 /* PBXContainerItemProxy */ = {
			isa = PBXContainerItemProxy;
			containerPortal = B5445A1C1B5261DE0064BCF8 /* Project object */;
			proxyType = 1;
			remoteGlobalIDString = B5445A231B5261DE0064BCF8;
			remoteInfo = storeBoead;
		};
/* End PBXContainerItemProxy section */

/* Begin PBXFileReference section */
		B5445A241B5261DE0064BCF8 /* storeBoead.app */ = {isa = PBXFileReference; explicitFileType = wrapper.application; includeInIndex = 0; path = storeBoead.app; sourceTree = BUILT_PRODUCTS_DIR; };
		B5445A281B5261DE0064BCF8 /* Info.plist */ = {isa = PBXFileReference; lastKnownFileType = text.plist.xml; path = Info.plist; sourceTree = "<group>"; };
		B5445A291B5261DE0064BCF8 /* main.m */ = {isa = PBXFileReference; lastKnownFileType = sourcecode.c.objc; path = main.m; sourceTree = "<group>"; };
		B5445A2B1B5261DE0064BCF8 /* AppDelegate.h */ = {isa = PBXFileReference; lastKnownFileType = sourcecode.c.h; path = AppDelegate.h; sourceTree = "<group>"; };
		B5445A2C1B5261DE0064BCF8 /* AppDelegate.m */ = {isa = PBXFileReference; lastKnownFileType = sourcecode.c.objc; path = AppDelegate.m; sourceTree = "<group>"; };
		B5445A2E1B5261DE0064BCF8 /* ViewController.h */ = {isa = PBXFileReference; lastKnownFileType = sourcecode.c.h; path = ViewController.h; sourceTree = "<group>"; };
		B5445A2F1B5261DE0064BCF8 /* ViewController.m */ = {isa = PBXFileReference; lastKnownFileType = sourcecode.c.objc; path = ViewController.m; sourceTree = "<group>"; };
		B5445A321B5261DE0064BCF8 /* Base */ = {isa = PBXFileReference; lastKnownFileType = file.storyboard; name = Base; path = Base.lproj/Main.storyboard; sourceTree = "<group>"; };
		B5445A371B5261DE0064BCF8 /* Base */ = {isa = PBXFileReference; lastKnownFileType = file.xib; name = Base; path = Base.lproj/LaunchScreen.xib; sourceTree = "<group>"; };
		B5445A3D1B5261DE0064BCF8 /* storeBoeadTests.xctest */ = {isa = PBXFileReference; explicitFileType = wrapper.cfbundle; includeInIndex = 0; path = storeBoeadTests.xctest; sourceTree = BUILT_PRODUCTS_DIR; };
		B5445A421B5261DE0064BCF8 /* Info.plist */ = {isa = PBXFileReference; lastKnownFileType = text.plist.xml; path = Info.plist; sourceTree = "<group>"; };
		B5445A431B5261DE0064BCF8 /* storeBoeadTests.m */ = {isa = PBXFileReference; lastKnownFileType = sourcecode.c.objc; path = storeBoeadTests.m; sourceTree = "<group>"; };
		B5445A4D1B52652F0064BCF8 /* NextViewController.h */ = {isa = PBXFileReference; fileEncoding = 4; lastKnownFileType = sourcecode.c.h; path = NextViewController.h; sourceTree = "<group>"; };
		B5445A4E1B52652F0064BCF8 /* NextViewController.m */ = {isa = PBXFileReference; fileEncoding = 4; lastKnownFileType = sourcecode.c.objc; path = NextViewController.m; sourceTree = "<group>"; };
		B58B5FE01B58AFA6009BD16F /* Login.storyboard */ = {isa = PBXFileReference; fileEncoding = 4; lastKnownFileType = file.storyboard; path = Login.storyboard; sourceTree = "<group>"; };
		B5B9D3B21B58E3520070ED81 /* Images.xcassets */ = {isa = PBXFileReference; lastKnownFileType = folder.assetcatalog; path = Images.xcassets; sourceTree = "<group>"; };
		B5BB83021B5607BC00043BCB /* JRQViewController.h */ = {isa = PBXFileReference; fileEncoding = 4; lastKnownFileType = sourcecode.c.h; path = JRQViewController.h; sourceTree = "<group>"; };
		B5BB83031B5607BC00043BCB /* JRQViewController.m */ = {isa = PBXFileReference; fileEncoding = 4; lastKnownFileType = sourcecode.c.objc; path = JRQViewController.m; sourceTree = "<group>"; };
		B5BB83051B5607CE00043BCB /* MEViewController.h */ = {isa = PBXFileReference; fileEncoding = 4; lastKnownFileType = sourcecode.c.h; path = MEViewController.h; sourceTree = "<group>"; };
		B5BB83061B5607CE00043BCB /* MEViewController.m */ = {isa = PBXFileReference; fileEncoding = 4; lastKnownFileType = sourcecode.c.objc; path = MEViewController.m; sourceTree = "<group>"; };
		B5BB83081B5607E000043BCB /* FINDViewController.h */ = {isa = PBXFileReference; fileEncoding = 4; lastKnownFileType = sourcecode.c.h; path = FINDViewController.h; sourceTree = "<group>"; };
		B5BB83091B5607E000043BCB /* FINDViewController.m */ = {isa = PBXFileReference; fileEncoding = 4; lastKnownFileType = sourcecode.c.objc; path = FINDViewController.m; sourceTree = "<group>"; };
		B5BB830B1B5607EE00043BCB /* MSGViewController.h */ = {isa = PBXFileReference; fileEncoding = 4; lastKnownFileType = sourcecode.c.h; path = MSGViewController.h; sourceTree = "<group>"; };
		B5BB830C1B5607EE00043BCB /* MSGViewController.m */ = {isa = PBXFileReference; fileEncoding = 4; lastKnownFileType = sourcecode.c.objc; path = MSGViewController.m; sourceTree = "<group>"; };
		B5BB830E1B56093400043BCB /* FristViewController.h */ = {isa = PBXFileReference; fileEncoding = 4; lastKnownFileType = sourcecode.c.h; path = FristViewController.h; sourceTree = "<group>"; };
		B5BB830F1B56093400043BCB /* FristViewController.m */ = {isa = PBXFileReference; fileEncoding = 4; lastKnownFileType = sourcecode.c.objc; path = FristViewController.m; sourceTree = "<group>"; };
/* End PBXFileReference section */

/* Begin PBXFrameworksBuildPhase section */
		B5445A211B5261DE0064BCF8 /* Frameworks */ = {
			isa = PBXFrameworksBuildPhase;
			buildActionMask = 2147483647;
			files = (
			);
			runOnlyForDeploymentPostprocessing = 0;
		};
		B5445A3A1B5261DE0064BCF8 /* Frameworks */ = {
			isa = PBXFrameworksBuildPhase;
			buildActionMask = 2147483647;
			files = (
			);
			runOnlyForDeploymentPostprocessing = 0;
		};
/* End PBXFrameworksBuildPhase section */

/* Begin PBXGroup section */
		B5445A1B1B5261DE0064BCF8 = {
			isa = PBXGroup;
			children = (
				B5445A261B5261DE0064BCF8 /* storeBoead */,
				B5445A401B5261DE0064BCF8 /* storeBoeadTests */,
				B5445A251B5261DE0064BCF8 /* Products */,
			);
			sourceTree = "<group>";
		};
		B5445A251B5261DE0064BCF8 /* Products */ = {
			isa = PBXGroup;
			children = (
				B5445A241B5261DE0064BCF8 /* storeBoead.app */,
				B5445A3D1B5261DE0064BCF8 /* storeBoeadTests.xctest */,
			);
			name = Products;
			sourceTree = "<group>";
		};
		B5445A261B5261DE0064BCF8 /* storeBoead */ = {
			isa = PBXGroup;
			children = (
				B5445A2B1B5261DE0064BCF8 /* AppDelegate.h */,
				B5445A2C1B5261DE0064BCF8 /* AppDelegate.m */,
				B58B5FE01B58AFA6009BD16F /* Login.storyboard */,
				B5445A311B5261DE0064BCF8 /* Main.storyboard */,
				B5445A2E1B5261DE0064BCF8 /* ViewController.h */,
				B5445A2F1B5261DE0064BCF8 /* ViewController.m */,
				B5445A4D1B52652F0064BCF8 /* NextViewController.h */,
				B5445A4E1B52652F0064BCF8 /* NextViewController.m */,
				B5BB83021B5607BC00043BCB /* JRQViewController.h */,
				B5BB83031B5607BC00043BCB /* JRQViewController.m */,
				B5BB83051B5607CE00043BCB /* MEViewController.h */,
				B5BB83061B5607CE00043BCB /* MEViewController.m */,
				B5BB83081B5607E000043BCB /* FINDViewController.h */,
				B5BB83091B5607E000043BCB /* FINDViewController.m */,
				B5BB830B1B5607EE00043BCB /* MSGViewController.h */,
				B5BB830C1B5607EE00043BCB /* MSGViewController.m */,
				B5BB830E1B56093400043BCB /* FristViewController.h */,
				B5BB830F1B56093400043BCB /* FristViewController.m */,
				B5B9D3B21B58E3520070ED81 /* Images.xcassets */,
				B5445A361B5261DE0064BCF8 /* LaunchScreen.xib */,
				B5445A271B5261DE0064BCF8 /* Supporting Files */,
			);
			path = storeBoead;
			sourceTree = "<group>";
		};
		B5445A271B5261DE0064BCF8 /* Supporting Files */ = {
			isa = PBXGroup;
			children = (
				B5445A281B5261DE0064BCF8 /* Info.plist */,
				B5445A291B5261DE0064BCF8 /* main.m */,
			);
			name = "Supporting Files";
			sourceTree = "<group>";
		};
		B5445A401B5261DE0064BCF8 /* storeBoeadTests */ = {
			isa = PBXGroup;
			children = (
				B5445A431B5261DE0064BCF8 /* storeBoeadTests.m */,
				B5445A411B5261DE0064BCF8 /* Supporting Files */,
			);
			path = storeBoeadTests;
			sourceTree = "<group>";
		};
		B5445A411B5261DE0064BCF8 /* Supporting Files */ = {
			isa = PBXGroup;
			children = (
				B5445A421B5261DE0064BCF8 /* Info.plist */,
			);
			name = "Supporting Files";
			sourceTree = "<group>";
		};
/* End PBXGroup section */

/* Begin PBXNativeTarget section */
		B5445A231B5261DE0064BCF8 /* storeBoead */ = {
			isa = PBXNativeTarget;
			buildConfigurationList = B5445A471B5261DE0064BCF8 /* Build configuration list for PBXNativeTarget "storeBoead" */;
			buildPhases = (
				B5445A201B5261DE0064BCF8 /* Sources */,
				B5445A211B5261DE0064BCF8 /* Frameworks */,
				B5445A221B5261DE0064BCF8 /* Resources */,
			);
			buildRules = (
			);
			dependencies = (
			);
			name = storeBoead;
			productName = storeBoead;
			productReference = B5445A241B5261DE0064BCF8 /* storeBoead.app */;
			productType = "com.apple.product-type.application";
		};
		B5445A3C1B5261DE0064BCF8 /* storeBoeadTests */ = {
			isa = PBXNativeTarget;
			buildConfigurationList = B5445A4A1B5261DE0064BCF8 /* Build configuration list for PBXNativeTarget "storeBoeadTests" */;
			buildPhases = (
				B5445A391B5261DE0064BCF8 /* Sources */,
				B5445A3A1B5261DE0064BCF8 /* Frameworks */,
				B5445A3B1B5261DE0064BCF8 /* Resources */,
			);
			buildRules = (
			);
			dependencies = (
				B5445A3F1B5261DE0064BCF8 /* PBXTargetDependency */,
			);
			name = storeBoeadTests;
			productName = storeBoeadTests;
			productReference = B5445A3D1B5261DE0064BCF8 /* storeBoeadTests.xctest */;
			productType = "com.apple.product-type.bundle.unit-test";
		};
/* End PBXNativeTarget section */

/* Begin PBXProject section */
		B5445A1C1B5261DE0064BCF8 /* Project object */ = {
			isa = PBXProject;
			attributes = {
				LastUpgradeCheck = 0630;
				ORGANIZATIONNAME = "kpkj-ios";
				TargetAttributes = {
					B5445A231B5261DE0064BCF8 = {
						CreatedOnToolsVersion = 6.3.2;
					};
					B5445A3C1B5261DE0064BCF8 = {
						CreatedOnToolsVersion = 6.3.2;
						TestTargetID = B5445A231B5261DE0064BCF8;
					};
				};
			};
			buildConfigurationList = B5445A1F1B5261DE0064BCF8 /* Build configuration list for PBXProject "storeBoead" */;
			compatibilityVersion = "Xcode 3.2";
			developmentRegion = English;
			hasScannedForEncodings = 0;
			knownRegions = (
				en,
				Base,
			);
			mainGroup = B5445A1B1B5261DE0064BCF8;
			productRefGroup = B5445A251B5261DE0064BCF8 /* Products */;
			projectDirPath = "";
			projectRoot = "";
			targets = (
				B5445A231B5261DE0064BCF8 /* storeBoead */,
				B5445A3C1B5261DE0064BCF8 /* storeBoeadTests */,
			);
		};
/* End PBXProject section */

/* Begin PBXResourcesBuildPhase section */
		B5445A221B5261DE0064BCF8 /* Resources */ = {
			isa = PBXResourcesBuildPhase;
			buildActionMask = 2147483647;
			files = (
				B58B5FE11B58AFA6009BD16F /* Login.storyboard in Resources */,
				B5B9D3B31B58E3520070ED81 /* Images.xcassets in Resources */,
				B5445A331B5261DE0064BCF8 /* Main.storyboard in Resources */,
				B5445A381B5261DE0064BCF8 /* LaunchScreen.xib in Resources */,
			);
			runOnlyForDeploymentPostprocessing = 0;
		};
		B5445A3B1B5261DE0064BCF8 /* Resources */ = {
			isa = PBXResourcesBuildPhase;
			buildActionMask = 2147483647;
			files = (
			);
			runOnlyForDeploymentPostprocessing = 0;
		};
/* End PBXResourcesBuildPhase section */

/* Begin PBXSourcesBuildPhase section */
		B5445A201B5261DE0064BCF8 /* Sources */ = {
			isa = PBXSourcesBuildPhase;
			buildActionMask = 2147483647;
			files = (
				B5BB83041B5607BC00043BCB /* JRQViewController.m in Sources */,
				B5445A301B5261DE0064BCF8 /* ViewController.m in Sources */,
				B5BB83101B56093400043BCB /* FristViewController.m in Sources */,
				B5445A4F1B52652F0064BCF8 /* NextViewController.m in Sources */,
				B5445A2D1B5261DE0064BCF8 /* AppDelegate.m in Sources */,
				B5BB830D1B5607EE00043BCB /* MSGViewController.m in Sources */,
				B5BB830A1B5607E000043BCB /* FINDViewController.m in Sources */,
				B5BB83071B5607CE00043BCB /* MEViewController.m in Sources */,
				B5445A2A1B5261DE0064BCF8 /* main.m in Sources */,
			);
			runOnlyForDeploymentPostprocessing = 0;
		};
		B5445A391B5261DE0064BCF8 /* Sources */ = {
			isa = PBXSourcesBuildPhase;
			buildActionMask = 2147483647;
			files = (
				B5445A441B5261DE0064BCF8 /* storeBoeadTests.m in Sources */,
			);
			runOnlyForDeploymentPostprocessing = 0;
		};
/* End PBXSourcesBuildPhase section */

/* Begin PBXTargetDependency section */
		B5445A3F1B5261DE0064BCF8 /* PBXTargetDependency */ = {
			isa = PBXTargetDependency;
			target = B5445A231B5261DE0064BCF8 /* storeBoead */;
			targetProxy = B5445A3E1B5261DE0064BCF8 /* PBXContainerItemProxy */;
		};
/* End PBXTargetDependency section */

/* Begin PBXVariantGroup section */
		B5445A311B5261DE0064BCF8 /* Main.storyboard */ = {
			isa = PBXVariantGroup;
			children = (
				B5445A321B5261DE0064BCF8 /* Base */,
			);
			name = Main.storyboard;
			sourceTree = "<group>";
		};
		B5445A361B5261DE0064BCF8 /* LaunchScreen.xib */ = {
			isa = PBXVariantGroup;
			children = (
				B5445A371B5261DE0064BCF8 /* Base */,
			);
			name = LaunchScreen.xib;
			sourceTree = "<group>";
		};
/* End PBXVariantGroup section */

/* Begin XCBuildConfiguration section */
		B5445A451B5261DE0064BCF8 /* Debug */ = {
			isa = XCBuildConfiguration;
			buildSettings = {
				ALWAYS_SEARCH_USER_PATHS = NO;
				CLANG_CXX_LANGUAGE_STANDARD = "gnu++0x";
				CLANG_CXX_LIBRARY = "libc++";
				CLANG_ENABLE_MODULES = YES;
				CLANG_ENABLE_OBJC_ARC = YES;
				CLANG_WARN_BOOL_CONVERSION = YES;
				CLANG_WARN_CONSTANT_CONVERSION = YES;
				CLANG_WARN_DIRECT_OBJC_ISA_USAGE = YES_ERROR;
				CLANG_WARN_EMPTY_BODY = YES;
				CLANG_WARN_ENUM_CONVERSION = YES;
				CLANG_WARN_INT_CONVERSION = YES;
				CLANG_WARN_OBJC_ROOT_CLASS = YES_ERROR;
				CLANG_WARN_UNREACHABLE_CODE = YES;
				CLANG_WARN__DUPLICATE_METHOD_MATCH = YES;
				"CODE_SIGN_IDENTITY[sdk=iphoneos*]" = "iPhone Developer";
				COPY_PHASE_STRIP = NO;
				DEBUG_INFORMATION_FORMAT = "dwarf-with-dsym";
				ENABLE_STRICT_OBJC_MSGSEND = YES;
				GCC_C_LANGUAGE_STANDARD = gnu99;
				GCC_DYNAMIC_NO_PIC = NO;
				GCC_NO_COMMON_BLOCKS = YES;
				GCC_OPTIMIZATION_LEVEL = 0;
				GCC_PREPROCESSOR_DEFINITIONS = (
					"DEBUG=1",
					"$(inherited)",
				);
				GCC_SYMBOLS_PRIVATE_EXTERN = NO;
				GCC_WARN_64_TO_32_BIT_CONVERSION = YES;
				GCC_WARN_ABOUT_RETURN_TYPE = YES_ERROR;
				GCC_WARN_UNDECLARED_SELECTOR = YES;
				GCC_WARN_UNINITIALIZED_AUTOS = YES_AGGRESSIVE;
				GCC_WARN_UNUSED_FUNCTION = YES;
				GCC_WARN_UNUSED_VARIABLE = YES;
				IPHONEOS_DEPLOYMENT_TARGET = 8.3;
				MTL_ENABLE_DEBUG_INFO = YES;
				ONLY_ACTIVE_ARCH = YES;
				SDKROOT = iphoneos;
			};
			name = Debug;
		};
		B5445A461B5261DE0064BCF8 /* Release */ = {
			isa = XCBuildConfiguration;
			buildSettings = {
				ALWAYS_SEARCH_USER_PATHS = NO;
				CLANG_CXX_LANGUAGE_STANDARD = "gnu++0x";
				CLANG_CXX_LIBRARY = "libc++";
				CLANG_ENABLE_MODULES = YES;
				CLANG_ENABLE_OBJC_ARC = YES;
				CLANG_WARN_BOOL_CONVERSION = YES;
				CLANG_WARN_CONSTANT_CONVERSION = YES;
				CLANG_WARN_DIRECT_OBJC_ISA_USAGE = YES_ERROR;
				CLANG_WARN_EMPTY_BODY = YES;
				CLANG_WARN_ENUM_CONVERSION = YES;
				CLANG_WARN_INT_CONVERSION = YES;
				CLANG_WARN_OBJC_ROOT_CLASS = YES_ERROR;
				CLANG_WARN_UNREACHABLE_CODE = YES;
				CLANG_WARN__DUPLICATE_METHOD_MATCH = YES;
				"CODE_SIGN_IDENTITY[sdk=iphoneos*]" = "iPhone Developer";
				COPY_PHASE_STRIP = NO;
				DEBUG_INFORMATION_FORMAT = "dwarf-with-dsym";
				ENABLE_NS_ASSERTIONS = NO;
				ENABLE_STRICT_OBJC_MSGSEND = YES;
				GCC_C_LANGUAGE_STANDARD = gnu99;
				GCC_NO_COMMON_BLOCKS = YES;
				GCC_WARN_64_TO_32_BIT_CONVERSION = YES;
				GCC_WARN_ABOUT_RETURN_TYPE = YES_ERROR;
				GCC_WARN_UNDECLARED_SELECTOR = YES;
				GCC_WARN_UNINITIALIZED_AUTOS = YES_AGGRESSIVE;
				GCC_WARN_UNUSED_FUNCTION = YES;
				GCC_WARN_UNUSED_VARIABLE = YES;
				IPHONEOS_DEPLOYMENT_TARGET = 8.3;
				MTL_ENABLE_DEBUG_INFO = NO;
				SDKROOT = iphoneos;
				VALIDATE_PRODUCT = YES;
			};
			name = Release;
		};
		B5445A481B5261DE0064BCF8 /* Debug */ = {
			isa = XCBuildConfiguration;
			buildSettings = {
				ASSETCATALOG_COMPILER_APPICON_NAME = AppIcon;
				INFOPLIST_FILE = storeBoead/Info.plist;
				LD_RUNPATH_SEARCH_PATHS = "$(inherited) @executable_path/Frameworks";
				PRODUCT_NAME = "$(TARGET_NAME)";
			};
			name = Debug;
		};
		B5445A491B5261DE0064BCF8 /* Release */ = {
			isa = XCBuildConfiguration;
			buildSettings = {
				ASSETCATALOG_COMPILER_APPICON_NAME = AppIcon;
				INFOPLIST_FILE = storeBoead/Info.plist;
				LD_RUNPATH_SEARCH_PATHS = "$(inherited) @executable_path/Frameworks";
				PRODUCT_NAME = "$(TARGET_NAME)";
			};
			name = Release;
		};
		B5445A4B1B5261DE0064BCF8 /* Debug */ = {
			isa = XCBuildConfiguration;
			buildSettings = {
				BUNDLE_LOADER = "$(TEST_HOST)";
				FRAMEWORK_SEARCH_PATHS = (
					"$(SDKROOT)/Developer/Library/Frameworks",
					"$(inherited)",
				);
				GCC_PREPROCESSOR_DEFINITIONS = (
					"DEBUG=1",
					"$(inherited)",
				);
				INFOPLIST_FILE = storeBoeadTests/Info.plist;
				LD_RUNPATH_SEARCH_PATHS = "$(inherited) @executable_path/Frameworks @loader_path/Frameworks";
				PRODUCT_NAME = "$(TARGET_NAME)";
				TEST_HOST = "$(BUILT_PRODUCTS_DIR)/storeBoead.app/storeBoead";
			};
			name = Debug;
		};
		B5445A4C1B5261DE0064BCF8 /* Release */ = {
			isa = XCBuildConfiguration;
			buildSettings = {
				BUNDLE_LOADER = "$(TEST_HOST)";
				FRAMEWORK_SEARCH_PATHS = (
					"$(SDKROOT)/Developer/Library/Frameworks",
					"$(inherited)",
				);
				INFOPLIST_FILE = storeBoeadTests/Info.plist;
				LD_RUNPATH_SEARCH_PATHS = "$(inherited) @executable_path/Frameworks @loader_path/Frameworks";
				PRODUCT_NAME = "$(TARGET_NAME)";
				TEST_HOST = "$(BUILT_PRODUCTS_DIR)/storeBoead.app/storeBoead";
			};
			name = Release;
		};
/* End XCBuildConfiguration section */

/* Begin XCConfigurationList section */
		B5445A1F1B5261DE0064BCF8 /* Build configuration list for PBXProject "storeBoead" */ = {
			isa = XCConfigurationList;
			buildConfigurations = (
				B5445A451B5261DE0064BCF8 /* Debug */,
				B5445A461B5261DE0064BCF8 /* Release */,
			);
			defaultConfigurationIsVisible = 0;
			defaultConfigurationName = Release;
		};
		B5445A471B5261DE0064BCF8 /* Build configuration list for PBXNativeTarget "storeBoead" */ = {
			isa = XCConfigurationList;
			buildConfigurations = (
				B5445A481B5261DE0064BCF8 /* Debug */,
				B5445A491B5261DE0064BCF8 /* Release */,
			);
			defaultConfigurationIsVisible = 0;
			defaultConfigurationName = Release;
		};
		B5445A4A1B5261DE0064BCF8 /* Build configuration list for PBXNativeTarget "storeBoeadTests" */ = {
			isa = XCConfigurationList;
			buildConfigurations = (
				B5445A4B1B5261DE0064BCF8 /* Debug */,
				B5445A4C1B5261DE0064BCF8 /* Release */,
			);
			defaultConfigurationIsVisible = 0;
			defaultConfigurationName = Release;
		};
/* End XCConfigurationList section */
	};
	rootObject = B5445A1C1B5261DE0064BCF8 /* Project object */;
}
